PODS:
  - PXStickyHeaderCollectionView (1.2.1)

DEPENDENCIES:
  - PXStickyHeaderCollectionView (= 1.2.1)

SPEC REPOS:
  https://github.com/cocoapods/specs.git:
    - PXStickyHeaderCollectionView

SPEC CHECKSUMS:
  PXStickyHeaderCollectionView: 72fc9caea4317eadb165e8bed2acfe139e00adf7

PODFILE CHECKSUM: 6740f3f66111ef44700a623685faea51b2a57273

COCOAPODS: 1.6.0
