PODS:
  - PXStickyHeaderCollectionView (1.2.1)

DEPENDENCIES:
  - PXStickyHeaderCollectionView

SPEC REPOS:
  https://github.com/cocoapods/specs.git:
    - PXStickyHeaderCollectionView

SPEC CHECKSUMS:
  PXStickyHeaderCollectionView: 72fc9caea4317eadb165e8bed2acfe139e00adf7

PODFILE CHECKSUM: 73e53ba17af81b4ad3f42d43f72c2519b545d0f7

COCOAPODS: 1.6.0
